// !$*UTF8*$!
{
	archiveVersion = 1;
	classes = {
	};
	objectVersion = 46;
	objects = {

/* Begin PBXBuildFile section */
		13B07FBC1A68108700A75B9A /* AppDelegate.mm in Sources */ = {isa = PBXBuildFile; fileRef = 13B07FB01A68108700A75B9A /* AppDelegate.mm */; };
		13B07FBF1A68108700A75B9A /* Images.xcassets in Resources */ = {isa = PBXBuildFile; fileRef = 13B07FB51A68108700A75B9A /* Images.xcassets */; };
		13B07FC11A68108700A75B9A /* main.m in Sources */ = {isa = PBXBuildFile; fileRef = 13B07FB71A68108700A75B9A /* main.m */; };
		1545A3F46A42412BB4B6AD2A /* SF-Pro-Text-BoldItalic.otf in Resources */ = {isa = PBXBuildFile; fileRef = F6A52D58277F4A528F7F4715 /* SF-Pro-Text-BoldItalic.otf */; };
		1E196061D751433D883E6DDF /* SF-Pro-Text-Heavy.otf in Resources */ = {isa = PBXBuildFile; fileRef = F899488390AA41C3B4094E06 /* SF-Pro-Text-Heavy.otf */; };
		247E40A2BC564486AFD2991D /* ProductSans-LightItalic.ttf in Resources */ = {isa = PBXBuildFile; fileRef = B40D55054ED349609A11857A /* ProductSans-LightItalic.ttf */; };
		272D66B9C3644CF4B01DEFA7 /* ProductSans-Medium.ttf in Resources */ = {isa = PBXBuildFile; fileRef = B9BC0FD0FECE4946A87E73C5 /* ProductSans-Medium.ttf */; };
		2C12F72DD9AC4DAB9AEBDBAF /* ProductSans-Light.ttf in Resources */ = {isa = PBXBuildFile; fileRef = 3ADCDD7C4AA945DA9B2112E7 /* ProductSans-Light.ttf */; };
		2E174E005E2B494A808121DF /* SF-Pro-Text-RegularItalic.otf in Resources */ = {isa = PBXBuildFile; fileRef = FD4E9FD8915F4CD584A3AD94 /* SF-Pro-Text-RegularItalic.otf */; };
		30B6FB76B91E4568BC0C755B /* ProductSans-ThinItalic.ttf in Resources */ = {isa = PBXBuildFile; fileRef = 36BA7EFFF4B44C3EA24749E0 /* ProductSans-ThinItalic.ttf */; };
		3429DE10F09C4E52AE4DE3D2 /* SF-Pro-Text-Light.otf in Resources */ = {isa = PBXBuildFile; fileRef = 1FCD4D50B9C04745A71C5A68 /* SF-Pro-Text-Light.otf */; };
		34378476B5754F4CA8F1DCE0 /* ProductSans-BoldItalic.ttf in Resources */ = {isa = PBXBuildFile; fileRef = CFC436C43FFC44E7B65A6AF9 /* ProductSans-BoldItalic.ttf */; };
		3CD58159A1554798B708936C /* ProductSans-BlackItalic.ttf in Resources */ = {isa = PBXBuildFile; fileRef = E66CC4F3AF5C481E9B2E7129 /* ProductSans-BlackItalic.ttf */; };
		3D821C4B50A54692825D5186 /* SF-Pro-Text-LightItalic.otf in Resources */ = {isa = PBXBuildFile; fileRef = 193A8CCC31424ED1BACDA51A /* SF-Pro-Text-LightItalic.otf */; };
		3E461D99554A48A4959DE609 /* SplashScreen.storyboard in Resources */ = {isa = PBXBuildFile; fileRef = AA286B85B6C04FC6940260E9 /* SplashScreen.storyboard */; };
		43CABD61264C4783BD5D024D /* ProductSans-Italic.ttf in Resources */ = {isa = PBXBuildFile; fileRef = 8C940B146F2841BEB93B3C44 /* ProductSans-Italic.ttf */; };
		4F9B13A845A04F0A8663F99E /* noop-file.swift in Sources */ = {isa = PBXBuildFile; fileRef = D324BEF1D6394934A3F5C915 /* noop-file.swift */; };
		52BBFDF595C84E1BA43D4D5D /* SF-Pro-Text-Regular.otf in Resources */ = {isa = PBXBuildFile; fileRef = 97A38271C8F140C7A466703A /* SF-Pro-Text-Regular.otf */; };
		683D9521F0E543678C7812AA /* SF-Pro-Text-HeavyItalic.otf in Resources */ = {isa = PBXBuildFile; fileRef = ADDFB6FEC04D46348940B5C9 /* SF-Pro-Text-HeavyItalic.otf */; };
		82DA874860FA40D6BBE28F31 /* ProductSans-Black.ttf in Resources */ = {isa = PBXBuildFile; fileRef = 1FBD86EED9384899A755398A /* ProductSans-Black.ttf */; };
		934B41D392D243BFBFCA2C4B /* SF-Pro-Text-MediumItalic.otf in Resources */ = {isa = PBXBuildFile; fileRef = 8F2DDBCED7A547D3BEB395CB /* SF-Pro-Text-MediumItalic.otf */; };
		96905EF65AED1B983A6B3ABC /* libPods-Tasveer.a in Frameworks */ = {isa = PBXBuildFile; fileRef = 58EEBF8E8E6FB1BC6CAF49B5 /* libPods-Tasveer.a */; };
		A1431108A2F866FDB78DAA0D /* PrivacyInfo.xcprivacy in Resources */ = {isa = PBXBuildFile; fileRef = 9855854D40DADB098797C880 /* PrivacyInfo.xcprivacy */; };
		ABF8F9E7DFD9419DADD6D8B8 /* ProductSans-MediumItalic.ttf in Resources */ = {isa = PBXBuildFile; fileRef = 7CAFAF2A45134DA3BE55CF16 /* ProductSans-MediumItalic.ttf */; };
		B18059E884C0ABDD17F3DC3D /* ExpoModulesProvider.swift in Sources */ = {isa = PBXBuildFile; fileRef = FAC715A2D49A985799AEE119 /* ExpoModulesProvider.swift */; };
		B9B308CB378641E191FF55A9 /* ProductSans-Bold.ttf in Resources */ = {isa = PBXBuildFile; fileRef = CD94B9F7BFDD4E0EAE57D879 /* ProductSans-Bold.ttf */; };
		BAA740062F6C4DB29D73F343 /* SF-Pro-Text-Medium.otf in Resources */ = {isa = PBXBuildFile; fileRef = 2F47296C7F044CF7A70C098D /* SF-Pro-Text-Medium.otf */; };
		BB2F792D24A3F905000567C9 /* Expo.plist in Resources */ = {isa = PBXBuildFile; fileRef = BB2F792C24A3F905000567C9 /* Expo.plist */; };
		C1AB88C9416D485C9ABDA49D /* ProductSans-Regular.ttf in Resources */ = {isa = PBXBuildFile; fileRef = CD6717971B7B4B33B7753975 /* ProductSans-Regular.ttf */; };
		D9A7C3E5D29A41AD9E0AC0C9 /* ProductSans-Thin.ttf in Resources */ = {isa = PBXBuildFile; fileRef = C01FEC85DB3D4B0BB98B3DB4 /* ProductSans-Thin.ttf */; };
		E50ADD584BA74F0DABCFAFBF /* SF-Pro-Text-Semibold.otf in Resources */ = {isa = PBXBuildFile; fileRef = 959DE90A50CC4E498DB0064E /* SF-Pro-Text-Semibold.otf */; };
		E86B22C936FB4CE2BEB1E62F /* SF-Pro-Text-Bold.otf in Resources */ = {isa = PBXBuildFile; fileRef = C8DEA31EC205472785C744DD /* SF-Pro-Text-Bold.otf */; };
/* End PBXBuildFile section */

/* Begin PBXFileReference section */
		13B07F961A680F5B00A75B9A /* Tasveer.app */ = {isa = PBXFileReference; explicitFileType = wrapper.application; includeInIndex = 0; path = Tasveer.app; sourceTree = BUILT_PRODUCTS_DIR; };
		13B07FAF1A68108700A75B9A /* AppDelegate.h */ = {isa = PBXFileReference; fileEncoding = 4; lastKnownFileType = sourcecode.c.h; name = AppDelegate.h; path = Tasveer/AppDelegate.h; sourceTree = "<group>"; };
		13B07FB01A68108700A75B9A /* AppDelegate.mm */ = {isa = PBXFileReference; fileEncoding = 4; lastKnownFileType = sourcecode.cpp.objcpp; name = AppDelegate.mm; path = Tasveer/AppDelegate.mm; sourceTree = "<group>"; };
		13B07FB51A68108700A75B9A /* Images.xcassets */ = {isa = PBXFileReference; lastKnownFileType = folder.assetcatalog; name = Images.xcassets; path = Tasveer/Images.xcassets; sourceTree = "<group>"; };
		13B07FB61A68108700A75B9A /* Info.plist */ = {isa = PBXFileReference; fileEncoding = 4; lastKnownFileType = text.plist.xml; name = Info.plist; path = Tasveer/Info.plist; sourceTree = "<group>"; };
		13B07FB71A68108700A75B9A /* main.m */ = {isa = PBXFileReference; fileEncoding = 4; lastKnownFileType = sourcecode.c.objc; name = main.m; path = Tasveer/main.m; sourceTree = "<group>"; };
		193A8CCC31424ED1BACDA51A /* SF-Pro-Text-LightItalic.otf */ = {isa = PBXFileReference; explicitFileType = undefined; fileEncoding = undefined; includeInIndex = 0; lastKnownFileType = unknown; name = "SF-Pro-Text-LightItalic.otf"; path = "../assets/fonts/SF-Pro-Text-LightItalic.otf"; sourceTree = "<group>"; };
		1FBD86EED9384899A755398A /* ProductSans-Black.ttf */ = {isa = PBXFileReference; explicitFileType = undefined; fileEncoding = undefined; includeInIndex = 0; lastKnownFileType = unknown; name = "ProductSans-Black.ttf"; path = "../assets/fonts/ProductSans-Black.ttf"; sourceTree = "<group>"; };
		1FCD4D50B9C04745A71C5A68 /* SF-Pro-Text-Light.otf */ = {isa = PBXFileReference; explicitFileType = undefined; fileEncoding = undefined; includeInIndex = 0; lastKnownFileType = unknown; name = "SF-Pro-Text-Light.otf"; path = "../assets/fonts/SF-Pro-Text-Light.otf"; sourceTree = "<group>"; };
		2F47296C7F044CF7A70C098D /* SF-Pro-Text-Medium.otf */ = {isa = PBXFileReference; explicitFileType = undefined; fileEncoding = undefined; includeInIndex = 0; lastKnownFileType = unknown; name = "SF-Pro-Text-Medium.otf"; path = "../assets/fonts/SF-Pro-Text-Medium.otf"; sourceTree = "<group>"; };
		36BA7EFFF4B44C3EA24749E0 /* ProductSans-ThinItalic.ttf */ = {isa = PBXFileReference; explicitFileType = undefined; fileEncoding = undefined; includeInIndex = 0; lastKnownFileType = unknown; name = "ProductSans-ThinItalic.ttf"; path = "../assets/fonts/ProductSans-ThinItalic.ttf"; sourceTree = "<group>"; };
		3ADCDD7C4AA945DA9B2112E7 /* ProductSans-Light.ttf */ = {isa = PBXFileReference; explicitFileType = undefined; fileEncoding = undefined; includeInIndex = 0; lastKnownFileType = unknown; name = "ProductSans-Light.ttf"; path = "../assets/fonts/ProductSans-Light.ttf"; sourceTree = "<group>"; };
		58EEBF8E8E6FB1BC6CAF49B5 /* libPods-Tasveer.a */ = {isa = PBXFileReference; explicitFileType = archive.ar; includeInIndex = 0; path = "libPods-Tasveer.a"; sourceTree = BUILT_PRODUCTS_DIR; };
		6C2E3173556A471DD304B334 /* Pods-Tasveer.debug.xcconfig */ = {isa = PBXFileReference; includeInIndex = 1; lastKnownFileType = text.xcconfig; name = "Pods-Tasveer.debug.xcconfig"; path = "Target Support Files/Pods-Tasveer/Pods-Tasveer.debug.xcconfig"; sourceTree = "<group>"; };
		7A4D352CD337FB3A3BF06240 /* Pods-Tasveer.release.xcconfig */ = {isa = PBXFileReference; includeInIndex = 1; lastKnownFileType = text.xcconfig; name = "Pods-Tasveer.release.xcconfig"; path = "Target Support Files/Pods-Tasveer/Pods-Tasveer.release.xcconfig"; sourceTree = "<group>"; };
		7CAFAF2A45134DA3BE55CF16 /* ProductSans-MediumItalic.ttf */ = {isa = PBXFileReference; explicitFileType = undefined; fileEncoding = undefined; includeInIndex = 0; lastKnownFileType = unknown; name = "ProductSans-MediumItalic.ttf"; path = "../assets/fonts/ProductSans-MediumItalic.ttf"; sourceTree = "<group>"; };
		8C940B146F2841BEB93B3C44 /* ProductSans-Italic.ttf */ = {isa = PBXFileReference; explicitFileType = undefined; fileEncoding = undefined; includeInIndex = 0; lastKnownFileType = unknown; name = "ProductSans-Italic.ttf"; path = "../assets/fonts/ProductSans-Italic.ttf"; sourceTree = "<group>"; };
		8F2DDBCED7A547D3BEB395CB /* SF-Pro-Text-MediumItalic.otf */ = {isa = PBXFileReference; explicitFileType = undefined; fileEncoding = undefined; includeInIndex = 0; lastKnownFileType = unknown; name = "SF-Pro-Text-MediumItalic.otf"; path = "../assets/fonts/SF-Pro-Text-MediumItalic.otf"; sourceTree = "<group>"; };
		959DE90A50CC4E498DB0064E /* SF-Pro-Text-Semibold.otf */ = {isa = PBXFileReference; explicitFileType = undefined; fileEncoding = undefined; includeInIndex = 0; lastKnownFileType = unknown; name = "SF-Pro-Text-Semibold.otf"; path = "../assets/fonts/SF-Pro-Text-Semibold.otf"; sourceTree = "<group>"; };
		97A38271C8F140C7A466703A /* SF-Pro-Text-Regular.otf */ = {isa = PBXFileReference; explicitFileType = undefined; fileEncoding = undefined; includeInIndex = 0; lastKnownFileType = unknown; name = "SF-Pro-Text-Regular.otf"; path = "../assets/fonts/SF-Pro-Text-Regular.otf"; sourceTree = "<group>"; };
		9855854D40DADB098797C880 /* PrivacyInfo.xcprivacy */ = {isa = PBXFileReference; includeInIndex = 1; name = PrivacyInfo.xcprivacy; path = Tasveer/PrivacyInfo.xcprivacy; sourceTree = "<group>"; };
		AA286B85B6C04FC6940260E9 /* SplashScreen.storyboard */ = {isa = PBXFileReference; fileEncoding = 4; lastKnownFileType = file.storyboard; name = SplashScreen.storyboard; path = Tasveer/SplashScreen.storyboard; sourceTree = "<group>"; };
		ADDFB6FEC04D46348940B5C9 /* SF-Pro-Text-HeavyItalic.otf */ = {isa = PBXFileReference; explicitFileType = undefined; fileEncoding = undefined; includeInIndex = 0; lastKnownFileType = unknown; name = "SF-Pro-Text-HeavyItalic.otf"; path = "../assets/fonts/SF-Pro-Text-HeavyItalic.otf"; sourceTree = "<group>"; };
		B40D55054ED349609A11857A /* ProductSans-LightItalic.ttf */ = {isa = PBXFileReference; explicitFileType = undefined; fileEncoding = undefined; includeInIndex = 0; lastKnownFileType = unknown; name = "ProductSans-LightItalic.ttf"; path = "../assets/fonts/ProductSans-LightItalic.ttf"; sourceTree = "<group>"; };
		B9BC0FD0FECE4946A87E73C5 /* ProductSans-Medium.ttf */ = {isa = PBXFileReference; explicitFileType = undefined; fileEncoding = undefined; includeInIndex = 0; lastKnownFileType = unknown; name = "ProductSans-Medium.ttf"; path = "../assets/fonts/ProductSans-Medium.ttf"; sourceTree = "<group>"; };
		BB2F792C24A3F905000567C9 /* Expo.plist */ = {isa = PBXFileReference; fileEncoding = 4; lastKnownFileType = text.plist.xml; path = Expo.plist; sourceTree = "<group>"; };
		C01FEC85DB3D4B0BB98B3DB4 /* ProductSans-Thin.ttf */ = {isa = PBXFileReference; explicitFileType = undefined; fileEncoding = undefined; includeInIndex = 0; lastKnownFileType = unknown; name = "ProductSans-Thin.ttf"; path = "../assets/fonts/ProductSans-Thin.ttf"; sourceTree = "<group>"; };
		C40716743FD44727B73ABC5E /* Tasveer-Bridging-Header.h */ = {isa = PBXFileReference; explicitFileType = undefined; fileEncoding = 4; includeInIndex = 0; lastKnownFileType = sourcecode.c.h; name = "Tasveer-Bridging-Header.h"; path = "Tasveer/Tasveer-Bridging-Header.h"; sourceTree = "<group>"; };
		C8DEA31EC205472785C744DD /* SF-Pro-Text-Bold.otf */ = {isa = PBXFileReference; explicitFileType = undefined; fileEncoding = undefined; includeInIndex = 0; lastKnownFileType = unknown; name = "SF-Pro-Text-Bold.otf"; path = "../assets/fonts/SF-Pro-Text-Bold.otf"; sourceTree = "<group>"; };
		CD6717971B7B4B33B7753975 /* ProductSans-Regular.ttf */ = {isa = PBXFileReference; explicitFileType = undefined; fileEncoding = undefined; includeInIndex = 0; lastKnownFileType = unknown; name = "ProductSans-Regular.ttf"; path = "../assets/fonts/ProductSans-Regular.ttf"; sourceTree = "<group>"; };
		CD94B9F7BFDD4E0EAE57D879 /* ProductSans-Bold.ttf */ = {isa = PBXFileReference; explicitFileType = undefined; fileEncoding = undefined; includeInIndex = 0; lastKnownFileType = unknown; name = "ProductSans-Bold.ttf"; path = "../assets/fonts/ProductSans-Bold.ttf"; sourceTree = "<group>"; };
		CFC436C43FFC44E7B65A6AF9 /* ProductSans-BoldItalic.ttf */ = {isa = PBXFileReference; explicitFileType = undefined; fileEncoding = undefined; includeInIndex = 0; lastKnownFileType = unknown; name = "ProductSans-BoldItalic.ttf"; path = "../assets/fonts/ProductSans-BoldItalic.ttf"; sourceTree = "<group>"; };
		D324BEF1D6394934A3F5C915 /* noop-file.swift */ = {isa = PBXFileReference; explicitFileType = undefined; fileEncoding = 4; includeInIndex = 0; lastKnownFileType = sourcecode.swift; name = "noop-file.swift"; path = "Tasveer/noop-file.swift"; sourceTree = "<group>"; };
		E66CC4F3AF5C481E9B2E7129 /* ProductSans-BlackItalic.ttf */ = {isa = PBXFileReference; explicitFileType = undefined; fileEncoding = undefined; includeInIndex = 0; lastKnownFileType = unknown; name = "ProductSans-BlackItalic.ttf"; path = "../assets/fonts/ProductSans-BlackItalic.ttf"; sourceTree = "<group>"; };
		ED297162215061F000B7C4FE /* JavaScriptCore.framework */ = {isa = PBXFileReference; lastKnownFileType = wrapper.framework; name = JavaScriptCore.framework; path = System/Library/Frameworks/JavaScriptCore.framework; sourceTree = SDKROOT; };
		F6A52D58277F4A528F7F4715 /* SF-Pro-Text-BoldItalic.otf */ = {isa = PBXFileReference; explicitFileType = undefined; fileEncoding = undefined; includeInIndex = 0; lastKnownFileType = unknown; name = "SF-Pro-Text-BoldItalic.otf"; path = "../assets/fonts/SF-Pro-Text-BoldItalic.otf"; sourceTree = "<group>"; };
		F899488390AA41C3B4094E06 /* SF-Pro-Text-Heavy.otf */ = {isa = PBXFileReference; explicitFileType = undefined; fileEncoding = undefined; includeInIndex = 0; lastKnownFileType = unknown; name = "SF-Pro-Text-Heavy.otf"; path = "../assets/fonts/SF-Pro-Text-Heavy.otf"; sourceTree = "<group>"; };
		FAC715A2D49A985799AEE119 /* ExpoModulesProvider.swift */ = {isa = PBXFileReference; includeInIndex = 1; lastKnownFileType = sourcecode.swift; name = ExpoModulesProvider.swift; path = "Pods/Target Support Files/Pods-Tasveer/ExpoModulesProvider.swift"; sourceTree = "<group>"; };
		FD4E9FD8915F4CD584A3AD94 /* SF-Pro-Text-RegularItalic.otf */ = {isa = PBXFileReference; explicitFileType = undefined; fileEncoding = undefined; includeInIndex = 0; lastKnownFileType = unknown; name = "SF-Pro-Text-RegularItalic.otf"; path = "../assets/fonts/SF-Pro-Text-RegularItalic.otf"; sourceTree = "<group>"; };
/* End PBXFileReference section */

/* Begin PBXFrameworksBuildPhase section */
		13B07F8C1A680F5B00A75B9A /* Frameworks */ = {
			isa = PBXFrameworksBuildPhase;
			buildActionMask = 2147483647;
			files = (
				96905EF65AED1B983A6B3ABC /* libPods-Tasveer.a in Frameworks */,
			);
			runOnlyForDeploymentPostprocessing = 0;
		};
/* End PBXFrameworksBuildPhase section */

/* Begin PBXGroup section */
		13B07FAE1A68108700A75B9A /* Tasveer */ = {
			isa = PBXGroup;
			children = (
				BB2F792B24A3F905000567C9 /* Supporting */,
				13B07FAF1A68108700A75B9A /* AppDelegate.h */,
				13B07FB01A68108700A75B9A /* AppDelegate.mm */,
				13B07FB51A68108700A75B9A /* Images.xcassets */,
				13B07FB61A68108700A75B9A /* Info.plist */,
				13B07FB71A68108700A75B9A /* main.m */,
				AA286B85B6C04FC6940260E9 /* SplashScreen.storyboard */,
				D324BEF1D6394934A3F5C915 /* noop-file.swift */,
				C40716743FD44727B73ABC5E /* Tasveer-Bridging-Header.h */,
				9855854D40DADB098797C880 /* PrivacyInfo.xcprivacy */,
			);
			name = Tasveer;
			sourceTree = "<group>";
		};
		2D16E6871FA4F8E400B85C8A /* Frameworks */ = {
			isa = PBXGroup;
			children = (
				ED297162215061F000B7C4FE /* JavaScriptCore.framework */,
				58EEBF8E8E6FB1BC6CAF49B5 /* libPods-Tasveer.a */,
			);
			name = Frameworks;
			sourceTree = "<group>";
		};
		832341AE1AAA6A7D00B99B32 /* Libraries */ = {
			isa = PBXGroup;
			children = (
			);
			name = Libraries;
			sourceTree = "<group>";
		};
		83CBB9F61A601CBA00E9B192 = {
			isa = PBXGroup;
			children = (
				13B07FAE1A68108700A75B9A /* Tasveer */,
				832341AE1AAA6A7D00B99B32 /* Libraries */,
				83CBBA001A601CBA00E9B192 /* Products */,
				2D16E6871FA4F8E400B85C8A /* Frameworks */,
				D65327D7A22EEC0BE12398D9 /* Pods */,
				D7E4C46ADA2E9064B798F356 /* ExpoModulesProviders */,
				E60C58EA86E04E97B98DD48D /* Resources */,
			);
			indentWidth = 2;
			sourceTree = "<group>";
			tabWidth = 2;
			usesTabs = 0;
		};
		83CBBA001A601CBA00E9B192 /* Products */ = {
			isa = PBXGroup;
			children = (
				13B07F961A680F5B00A75B9A /* Tasveer.app */,
			);
			name = Products;
			sourceTree = "<group>";
		};
		92DBD88DE9BF7D494EA9DA96 /* Tasveer */ = {
			isa = PBXGroup;
			children = (
				FAC715A2D49A985799AEE119 /* ExpoModulesProvider.swift */,
			);
			name = Tasveer;
			sourceTree = "<group>";
		};
		BB2F792B24A3F905000567C9 /* Supporting */ = {
			isa = PBXGroup;
			children = (
				BB2F792C24A3F905000567C9 /* Expo.plist */,
			);
			name = Supporting;
			path = Tasveer/Supporting;
			sourceTree = "<group>";
		};
		D65327D7A22EEC0BE12398D9 /* Pods */ = {
			isa = PBXGroup;
			children = (
				6C2E3173556A471DD304B334 /* Pods-Tasveer.debug.xcconfig */,
				7A4D352CD337FB3A3BF06240 /* Pods-Tasveer.release.xcconfig */,
			);
			path = Pods;
			sourceTree = "<group>";
		};
		D7E4C46ADA2E9064B798F356 /* ExpoModulesProviders */ = {
			isa = PBXGroup;
			children = (
				92DBD88DE9BF7D494EA9DA96 /* Tasveer */,
			);
			name = ExpoModulesProviders;
			sourceTree = "<group>";
		};
		E60C58EA86E04E97B98DD48D /* Resources */ = {
			isa = PBXGroup;
			children = (
				1FBD86EED9384899A755398A /* ProductSans-Black.ttf */,
				E66CC4F3AF5C481E9B2E7129 /* ProductSans-BlackItalic.ttf */,
				CD94B9F7BFDD4E0EAE57D879 /* ProductSans-Bold.ttf */,
				CFC436C43FFC44E7B65A6AF9 /* ProductSans-BoldItalic.ttf */,
				8C940B146F2841BEB93B3C44 /* ProductSans-Italic.ttf */,
				3ADCDD7C4AA945DA9B2112E7 /* ProductSans-Light.ttf */,
				B40D55054ED349609A11857A /* ProductSans-LightItalic.ttf */,
				B9BC0FD0FECE4946A87E73C5 /* ProductSans-Medium.ttf */,
				7CAFAF2A45134DA3BE55CF16 /* ProductSans-MediumItalic.ttf */,
				CD6717971B7B4B33B7753975 /* ProductSans-Regular.ttf */,
				C01FEC85DB3D4B0BB98B3DB4 /* ProductSans-Thin.ttf */,
				36BA7EFFF4B44C3EA24749E0 /* ProductSans-ThinItalic.ttf */,
				C8DEA31EC205472785C744DD /* SF-Pro-Text-Bold.otf */,
				F6A52D58277F4A528F7F4715 /* SF-Pro-Text-BoldItalic.otf */,
				F899488390AA41C3B4094E06 /* SF-Pro-Text-Heavy.otf */,
				ADDFB6FEC04D46348940B5C9 /* SF-Pro-Text-HeavyItalic.otf */,
				1FCD4D50B9C04745A71C5A68 /* SF-Pro-Text-Light.otf */,
				193A8CCC31424ED1BACDA51A /* SF-Pro-Text-LightItalic.otf */,
				2F47296C7F044CF7A70C098D /* SF-Pro-Text-Medium.otf */,
				8F2DDBCED7A547D3BEB395CB /* SF-Pro-Text-MediumItalic.otf */,
				97A38271C8F140C7A466703A /* SF-Pro-Text-Regular.otf */,
				FD4E9FD8915F4CD584A3AD94 /* SF-Pro-Text-RegularItalic.otf */,
				959DE90A50CC4E498DB0064E /* SF-Pro-Text-Semibold.otf */,
			);
			name = Resources;
			path = "";
			sourceTree = "<group>";
		};
/* End PBXGroup section */

/* Begin PBXNativeTarget section */
		13B07F861A680F5B00A75B9A /* Tasveer */ = {
			isa = PBXNativeTarget;
			buildConfigurationList = 13B07F931A680F5B00A75B9A /* Build configuration list for PBXNativeTarget "Tasveer" */;
			buildPhases = (
				08A4A3CD28434E44B6B9DE2E /* [CP] Check Pods Manifest.lock */,
				C337309FE0CDF951EC31950A /* [Expo] Configure project */,
				13B07F871A680F5B00A75B9A /* Sources */,
				13B07F8C1A680F5B00A75B9A /* Frameworks */,
				13B07F8E1A680F5B00A75B9A /* Resources */,
				00DD1BFF1BD5951E006B06BC /* Bundle React Native code and images */,
				800E24972A6A228C8D4807E9 /* [CP] Copy Pods Resources */,
				376E1019CF7CDA0B0D5C56F1 /* [CP] Embed Pods Frameworks */,
			);
			buildRules = (
			);
			dependencies = (
			);
			name = Tasveer;
			productName = Tasveer;
			productReference = 13B07F961A680F5B00A75B9A /* Tasveer.app */;
			productType = "com.apple.product-type.application";
		};
/* End PBXNativeTarget section */

/* Begin PBXProject section */
		83CBB9F71A601CBA00E9B192 /* Project object */ = {
			isa = PBXProject;
			attributes = {
				LastUpgradeCheck = 1130;
				TargetAttributes = {
					13B07F861A680F5B00A75B9A = {
						LastSwiftMigration = 1250;
					};
				};
			};
			buildConfigurationList = 83CBB9FA1A601CBA00E9B192 /* Build configuration list for PBXProject "Tasveer" */;
			compatibilityVersion = "Xcode 3.2";
			developmentRegion = en;
			hasScannedForEncodings = 0;
			knownRegions = (
				en,
				Base,
			);
			mainGroup = 83CBB9F61A601CBA00E9B192;
			productRefGroup = 83CBBA001A601CBA00E9B192 /* Products */;
			projectDirPath = "";
			projectRoot = "";
			targets = (
				13B07F861A680F5B00A75B9A /* Tasveer */,
			);
		};
/* End PBXProject section */

/* Begin PBXResourcesBuildPhase section */
		13B07F8E1A680F5B00A75B9A /* Resources */ = {
			isa = PBXResourcesBuildPhase;
			buildActionMask = 2147483647;
			files = (
				BB2F792D24A3F905000567C9 /* Expo.plist in Resources */,
				13B07FBF1A68108700A75B9A /* Images.xcassets in Resources */,
				3E461D99554A48A4959DE609 /* SplashScreen.storyboard in Resources */,
				82DA874860FA40D6BBE28F31 /* ProductSans-Black.ttf in Resources */,
				3CD58159A1554798B708936C /* ProductSans-BlackItalic.ttf in Resources */,
				B9B308CB378641E191FF55A9 /* ProductSans-Bold.ttf in Resources */,
				34378476B5754F4CA8F1DCE0 /* ProductSans-BoldItalic.ttf in Resources */,
				43CABD61264C4783BD5D024D /* ProductSans-Italic.ttf in Resources */,
				2C12F72DD9AC4DAB9AEBDBAF /* ProductSans-Light.ttf in Resources */,
				247E40A2BC564486AFD2991D /* ProductSans-LightItalic.ttf in Resources */,
				272D66B9C3644CF4B01DEFA7 /* ProductSans-Medium.ttf in Resources */,
				ABF8F9E7DFD9419DADD6D8B8 /* ProductSans-MediumItalic.ttf in Resources */,
				C1AB88C9416D485C9ABDA49D /* ProductSans-Regular.ttf in Resources */,
				D9A7C3E5D29A41AD9E0AC0C9 /* ProductSans-Thin.ttf in Resources */,
				30B6FB76B91E4568BC0C755B /* ProductSans-ThinItalic.ttf in Resources */,
				E86B22C936FB4CE2BEB1E62F /* SF-Pro-Text-Bold.otf in Resources */,
				1545A3F46A42412BB4B6AD2A /* SF-Pro-Text-BoldItalic.otf in Resources */,
				1E196061D751433D883E6DDF /* SF-Pro-Text-Heavy.otf in Resources */,
				683D9521F0E543678C7812AA /* SF-Pro-Text-HeavyItalic.otf in Resources */,
				3429DE10F09C4E52AE4DE3D2 /* SF-Pro-Text-Light.otf in Resources */,
				3D821C4B50A54692825D5186 /* SF-Pro-Text-LightItalic.otf in Resources */,
				BAA740062F6C4DB29D73F343 /* SF-Pro-Text-Medium.otf in Resources */,
				934B41D392D243BFBFCA2C4B /* SF-Pro-Text-MediumItalic.otf in Resources */,
				52BBFDF595C84E1BA43D4D5D /* SF-Pro-Text-Regular.otf in Resources */,
				2E174E005E2B494A808121DF /* SF-Pro-Text-RegularItalic.otf in Resources */,
				E50ADD584BA74F0DABCFAFBF /* SF-Pro-Text-Semibold.otf in Resources */,
				A1431108A2F866FDB78DAA0D /* PrivacyInfo.xcprivacy in Resources */,
			);
			runOnlyForDeploymentPostprocessing = 0;
		};
/* End PBXResourcesBuildPhase section */

/* Begin PBXShellScriptBuildPhase section */
		00DD1BFF1BD5951E006B06BC /* Bundle React Native code and images */ = {
			isa = PBXShellScriptBuildPhase;
			alwaysOutOfDate = 1;
			buildActionMask = 2147483647;
			files = (
			);
			inputPaths = (
			);
			name = "Bundle React Native code and images";
			outputPaths = (
			);
			runOnlyForDeploymentPostprocessing = 0;
			shellPath = /bin/sh;
			shellScript = "if [[ -f \"$PODS_ROOT/../.xcode.env\" ]]; then\n  source \"$PODS_ROOT/../.xcode.env\"\nfi\nif [[ -f \"$PODS_ROOT/../.xcode.env.local\" ]]; then\n  source \"$PODS_ROOT/../.xcode.env.local\"\nfi\n\n# The project root by default is one level up from the ios directory\nexport PROJECT_ROOT=\"$PROJECT_DIR\"/..\n\nif [[ \"$CONFIGURATION\" = *Debug* ]]; then\n  export SKIP_BUNDLING=1\nfi\nif [[ -z \"$ENTRY_FILE\" ]]; then\n  # Set the entry JS file using the bundler's entry resolution.\n  export ENTRY_FILE=\"$(\"$NODE_BINARY\" -e \"require('expo/scripts/resolveAppEntry')\" \"$PROJECT_ROOT\" ios absolute | tail -n 1)\"\nfi\n\nif [[ -z \"$CLI_PATH\" ]]; then\n  # Use Expo CLI\n  export CLI_PATH=\"$(\"$NODE_BINARY\" --print \"require.resolve('@expo/cli', { paths: [require.resolve('expo/package.json')] })\")\"\nfi\nif [[ -z \"$BUNDLE_COMMAND\" ]]; then\n  # Default Expo CLI command for bundling\n  export BUNDLE_COMMAND=\"export:embed\"\nfi\n\n# Source .xcode.env.updates if it exists to allow\n# SKIP_BUNDLING to be unset if needed\nif [[ -f \"$PODS_ROOT/../.xcode.env.updates\" ]]; then\n  source \"$PODS_ROOT/../.xcode.env.updates\"\nfi\n# Source local changes to allow overrides\n# if needed\nif [[ -f \"$PODS_ROOT/../.xcode.env.local\" ]]; then\n  source \"$PODS_ROOT/../.xcode.env.local\"\nfi\n\n`\"$NODE_BINARY\" --print \"require('path').dirname(require.resolve('react-native/package.json')) + '/scripts/react-native-xcode.sh'\"`\n\n";
		};
		08A4A3CD28434E44B6B9DE2E /* [CP] Check Pods Manifest.lock */ = {
			isa = PBXShellScriptBuildPhase;
			buildActionMask = 2147483647;
			files = (
			);
			inputFileListPaths = (
			);
			inputPaths = (
				"${PODS_PODFILE_DIR_PATH}/Podfile.lock",
				"${PODS_ROOT}/Manifest.lock",
			);
			name = "[CP] Check Pods Manifest.lock";
			outputFileListPaths = (
			);
			outputPaths = (
				"$(DERIVED_FILE_DIR)/Pods-Tasveer-checkManifestLockResult.txt",
			);
			runOnlyForDeploymentPostprocessing = 0;
			shellPath = /bin/sh;
			shellScript = "diff \"${PODS_PODFILE_DIR_PATH}/Podfile.lock\" \"${PODS_ROOT}/Manifest.lock\" > /dev/null\nif [ $? != 0 ] ; then\n    # print error to STDERR\n    echo \"error: The sandbox is not in sync with the Podfile.lock. Run 'pod install' or update your CocoaPods installation.\" >&2\n    exit 1\nfi\n# This output is used by Xcode 'outputs' to avoid re-running this script phase.\necho \"SUCCESS\" > \"${SCRIPT_OUTPUT_FILE_0}\"\n";
			showEnvVarsInLog = 0;
		};
		376E1019CF7CDA0B0D5C56F1 /* [CP] Embed Pods Frameworks */ = {
			isa = PBXShellScriptBuildPhase;
			buildActionMask = 2147483647;
			files = (
			);
			inputPaths = (
				"${PODS_ROOT}/Target Support Files/Pods-Tasveer/Pods-Tasveer-frameworks.sh",
				"${PODS_XCFRAMEWORKS_BUILD_DIR}/hermes-engine/Pre-built/hermes.framework/hermes",
			);
			name = "[CP] Embed Pods Frameworks";
			outputPaths = (
				"${TARGET_BUILD_DIR}/${FRAMEWORKS_FOLDER_PATH}/hermes.framework",
			);
			runOnlyForDeploymentPostprocessing = 0;
			shellPath = /bin/sh;
			shellScript = "\"${PODS_ROOT}/Target Support Files/Pods-Tasveer/Pods-Tasveer-frameworks.sh\"\n";
			showEnvVarsInLog = 0;
		};
		800E24972A6A228C8D4807E9 /* [CP] Copy Pods Resources */ = {
			isa = PBXShellScriptBuildPhase;
			buildActionMask = 2147483647;
			files = (
			);
			inputPaths = (
				"${PODS_ROOT}/Target Support Files/Pods-Tasveer/Pods-Tasveer-resources.sh",
				"${PODS_CONFIGURATION_BUILD_DIR}/EXConstants/EXConstants.bundle",
				"${PODS_CONFIGURATION_BUILD_DIR}/EXConstants/ExpoConstants_privacy.bundle",
				"${PODS_CONFIGURATION_BUILD_DIR}/ExpoFileSystem/ExpoFileSystem_privacy.bundle",
				"${PODS_ROOT}/GoogleMaps/Maps/Frameworks/GoogleMaps.xcframework/ios-arm64/GoogleMaps.framework/Resources/GoogleMaps.bundle",
				"${PODS_ROOT}/GoogleMaps/Maps/Frameworks/GoogleMaps.xcframework/ios-arm64_x86_64-simulator/GoogleMaps.framework/Resources/GoogleMaps.bundle",
				"${PODS_CONFIGURATION_BUILD_DIR}/RCT-Folly/RCT-Folly_privacy.bundle",
				"${PODS_CONFIGURATION_BUILD_DIR}/RNCAsyncStorage/RNCAsyncStorage_resources.bundle",
				"${PODS_CONFIGURATION_BUILD_DIR}/RNImageCropPicker/RNImageCropPickerPrivacyInfo.bundle",
				"${PODS_CONFIGURATION_BUILD_DIR}/RNImageCropPicker/QBImagePicker.bundle",
				"${PODS_CONFIGURATION_BUILD_DIR}/RNPermissions/RNPermissionsPrivacyInfo.bundle",
				"${PODS_CONFIGURATION_BUILD_DIR}/React-Core/React-Core_privacy.bundle",
				"${PODS_CONFIGURATION_BUILD_DIR}/React-cxxreact/React-cxxreact_privacy.bundle",
				"${PODS_CONFIGURATION_BUILD_DIR}/TOCropViewController/TOCropViewControllerBundle.bundle",
				"${PODS_CONFIGURATION_BUILD_DIR}/boost/boost_privacy.bundle",
				"${PODS_CONFIGURATION_BUILD_DIR}/glog/glog_privacy.bundle",
				"${PODS_CONFIGURATION_BUILD_DIR}/lottie-ios/LottiePrivacyInfo.bundle",
				"${PODS_CONFIGURATION_BUILD_DIR}/lottie-react-native/Lottie_React_Native_Privacy.bundle",
				"${PODS_CONFIGURATION_BUILD_DIR}/react-native-google-maps/GoogleMapsPrivacy.bundle",
				"${PODS_CONFIGURATION_BUILD_DIR}/react-native-image-picker/RNImagePickerPrivacyInfo.bundle",
				"${PODS_CONFIGURATION_BUILD_DIR}/react-native-maps/ReactNativeMapsPrivacy.bundle",
			);
			name = "[CP] Copy Pods Resources";
			outputPaths = (
				"${TARGET_BUILD_DIR}/${UNLOCALIZED_RESOURCES_FOLDER_PATH}/EXConstants.bundle",
				"${TARGET_BUILD_DIR}/${UNLOCALIZED_RESOURCES_FOLDER_PATH}/ExpoConstants_privacy.bundle",
				"${TARGET_BUILD_DIR}/${UNLOCALIZED_RESOURCES_FOLDER_PATH}/ExpoFileSystem_privacy.bundle",
				"${TARGET_BUILD_DIR}/${UNLOCALIZED_RESOURCES_FOLDER_PATH}/GoogleMaps.bundle",
				"${TARGET_BUILD_DIR}/${UNLOCALIZED_RESOURCES_FOLDER_PATH}/RCT-Folly_privacy.bundle",
				"${TARGET_BUILD_DIR}/${UNLOCALIZED_RESOURCES_FOLDER_PATH}/RNCAsyncStorage_resources.bundle",
				"${TARGET_BUILD_DIR}/${UNLOCALIZED_RESOURCES_FOLDER_PATH}/RNImageCropPickerPrivacyInfo.bundle",
				"${TARGET_BUILD_DIR}/${UNLOCALIZED_RESOURCES_FOLDER_PATH}/QBImagePicker.bundle",
				"${TARGET_BUILD_DIR}/${UNLOCALIZED_RESOURCES_FOLDER_PATH}/RNPermissionsPrivacyInfo.bundle",
				"${TARGET_BUILD_DIR}/${UNLOCALIZED_RESOURCES_FOLDER_PATH}/React-Core_privacy.bundle",
				"${TARGET_BUILD_DIR}/${UNLOCALIZED_RESOURCES_FOLDER_PATH}/React-cxxreact_privacy.bundle",
				"${TARGET_BUILD_DIR}/${UNLOCALIZED_RESOURCES_FOLDER_PATH}/TOCropViewControllerBundle.bundle",
				"${TARGET_BUILD_DIR}/${UNLOCALIZED_RESOURCES_FOLDER_PATH}/boost_privacy.bundle",
				"${TARGET_BUILD_DIR}/${UNLOCALIZED_RESOURCES_FOLDER_PATH}/glog_privacy.bundle",
				"${TARGET_BUILD_DIR}/${UNLOCALIZED_RESOURCES_FOLDER_PATH}/LottiePrivacyInfo.bundle",
				"${TARGET_BUILD_DIR}/${UNLOCALIZED_RESOURCES_FOLDER_PATH}/Lottie_React_Native_Privacy.bundle",
				"${TARGET_BUILD_DIR}/${UNLOCALIZED_RESOURCES_FOLDER_PATH}/GoogleMapsPrivacy.bundle",
				"${TARGET_BUILD_DIR}/${UNLOCALIZED_RESOURCES_FOLDER_PATH}/RNImagePickerPrivacyInfo.bundle",
				"${TARGET_BUILD_DIR}/${UNLOCALIZED_RESOURCES_FOLDER_PATH}/ReactNativeMapsPrivacy.bundle",
			);
			runOnlyForDeploymentPostprocessing = 0;
			shellPath = /bin/sh;
			shellScript = "\"${PODS_ROOT}/Target Support Files/Pods-Tasveer/Pods-Tasveer-resources.sh\"\n";
			showEnvVarsInLog = 0;
		};
		C337309FE0CDF951EC31950A /* [Expo] Configure project */ = {
			isa = PBXShellScriptBuildPhase;
			alwaysOutOfDate = 1;
			buildActionMask = 2147483647;
			files = (
			);
			inputFileListPaths = (
			);
			inputPaths = (
			);
			name = "[Expo] Configure project";
			outputFileListPaths = (
			);
			outputPaths = (
			);
			runOnlyForDeploymentPostprocessing = 0;
			shellPath = /bin/sh;
			shellScript = "# This script configures Expo modules and generates the modules provider file.\nbash -l -c \"./Pods/Target\\ Support\\ Files/Pods-Tasveer/expo-configure-project.sh\"\n";
		};
/* End PBXShellScriptBuildPhase section */

/* Begin PBXSourcesBuildPhase section */
		13B07F871A680F5B00A75B9A /* Sources */ = {
			isa = PBXSourcesBuildPhase;
			buildActionMask = 2147483647;
			files = (
				13B07FBC1A68108700A75B9A /* AppDelegate.mm in Sources */,
				13B07FC11A68108700A75B9A /* main.m in Sources */,
				B18059E884C0ABDD17F3DC3D /* ExpoModulesProvider.swift in Sources */,
				4F9B13A845A04F0A8663F99E /* noop-file.swift in Sources */,
			);
			runOnlyForDeploymentPostprocessing = 0;
		};
/* End PBXSourcesBuildPhase section */

/* Begin XCBuildConfiguration section */
		13B07F941A680F5B00A75B9A /* Debug */ = {
			isa = XCBuildConfiguration;
			baseConfigurationReference = 6C2E3173556A471DD304B334 /* Pods-Tasveer.debug.xcconfig */;
			buildSettings = {
				ASSETCATALOG_COMPILER_APPICON_NAME = AppIcon;
				CLANG_ENABLE_MODULES = YES;
				CODE_SIGN_ENTITLEMENTS = Tasveer/Tasveer.entitlements;
				CURRENT_PROJECT_VERSION = 1;
				ENABLE_BITCODE = NO;
				GCC_PREPROCESSOR_DEFINITIONS = (
					"$(inherited)",
					"FB_SONARKIT_ENABLED=1",
				);
				INFOPLIST_FILE = Tasveer/Info.plist;
				IPHONEOS_DEPLOYMENT_TARGET = 15.1;
				LD_RUNPATH_SEARCH_PATHS = "$(inherited) @executable_path/Frameworks";
				MARKETING_VERSION = 1.0;
				OTHER_LDFLAGS = (
					"$(inherited)",
					"-ObjC",
					"-lc++",
				);
				OTHER_SWIFT_FLAGS = "$(inherited) -D EXPO_CONFIGURATION_DEBUG";
				PRODUCT_BUNDLE_IDENTIFIER = com.tasveer;
				PRODUCT_NAME = Tasveer;
				SWIFT_OBJC_BRIDGING_HEADER = "Tasveer/Tasveer-Bridging-Header.h";
				SWIFT_OPTIMIZATION_LEVEL = "-Onone";
				SWIFT_VERSION = 5.0;
				TARGETED_DEVICE_FAMILY = "1,2";
				VERSIONING_SYSTEM = "apple-generic";
			};
			name = Debug;
		};
		13B07F951A680F5B00A75B9A /* Release */ = {
			isa = XCBuildConfiguration;
			baseConfigurationReference = 7A4D352CD337FB3A3BF06240 /* Pods-Tasveer.release.xcconfig */;
			buildSettings = {
				ASSETCATALOG_COMPILER_APPICON_NAME = AppIcon;
				CLANG_ENABLE_MODULES = YES;
				CODE_SIGN_ENTITLEMENTS = Tasveer/Tasveer.entitlements;
				CURRENT_PROJECT_VERSION = 1;
				INFOPLIST_FILE = Tasveer/Info.plist;
				IPHONEOS_DEPLOYMENT_TARGET = 15.1;
				LD_RUNPATH_SEARCH_PATHS = "$(inherited) @executable_path/Frameworks";
				MARKETING_VERSION = 1.0;
				OTHER_LDFLAGS = (
					"$(inherited)",
					"-ObjC",
					"-lc++",
				);
				OTHER_SWIFT_FLAGS = "$(inherited) -D EXPO_CONFIGURATION_RELEASE";
				PRODUCT_BUNDLE_IDENTIFIER = com.tasveer;
				PRODUCT_NAME = Tasveer;
				SWIFT_OBJC_BRIDGING_HEADER = "Tasveer/Tasveer-Bridging-Header.h";
				SWIFT_VERSION = 5.0;
				TARGETED_DEVICE_FAMILY = "1,2";
				VERSIONING_SYSTEM = "apple-generic";
			};
			name = Release;
		};
		83CBBA201A601CBA00E9B192 /* Debug */ = {
			isa = XCBuildConfiguration;
			buildSettings = {
				ALWAYS_SEARCH_USER_PATHS = NO;
				CLANG_ANALYZER_LOCALIZABILITY_NONLOCALIZED = YES;
				CLANG_CXX_LANGUAGE_STANDARD = "c++20";
				CLANG_CXX_LIBRARY = "libc++";
				CLANG_ENABLE_MODULES = YES;
				CLANG_ENABLE_OBJC_ARC = YES;
				CLANG_WARN_BLOCK_CAPTURE_AUTORELEASING = YES;
				CLANG_WARN_BOOL_CONVERSION = YES;
				CLANG_WARN_COMMA = YES;
				CLANG_WARN_CONSTANT_CONVERSION = YES;
				CLANG_WARN_DEPRECATED_OBJC_IMPLEMENTATIONS = YES;
				CLANG_WARN_DIRECT_OBJC_ISA_USAGE = YES_ERROR;
				CLANG_WARN_EMPTY_BODY = YES;
				CLANG_WARN_ENUM_CONVERSION = YES;
				CLANG_WARN_INFINITE_RECURSION = YES;
				CLANG_WARN_INT_CONVERSION = YES;
				CLANG_WARN_NON_LITERAL_NULL_CONVERSION = YES;
				CLANG_WARN_OBJC_IMPLICIT_RETAIN_SELF = YES;
				CLANG_WARN_OBJC_LITERAL_CONVERSION = YES;
				CLANG_WARN_OBJC_ROOT_CLASS = YES_ERROR;
				CLANG_WARN_RANGE_LOOP_ANALYSIS = YES;
				CLANG_WARN_STRICT_PROTOTYPES = YES;
				CLANG_WARN_SUSPICIOUS_MOVE = YES;
				CLANG_WARN_UNREACHABLE_CODE = YES;
				CLANG_WARN__DUPLICATE_METHOD_MATCH = YES;
				"CODE_SIGN_IDENTITY[sdk=iphoneos*]" = "iPhone Developer";
				COPY_PHASE_STRIP = NO;
				ENABLE_STRICT_OBJC_MSGSEND = YES;
				ENABLE_TESTABILITY = YES;
				GCC_C_LANGUAGE_STANDARD = gnu99;
				GCC_DYNAMIC_NO_PIC = NO;
				GCC_NO_COMMON_BLOCKS = YES;
				GCC_OPTIMIZATION_LEVEL = 0;
				GCC_PREPROCESSOR_DEFINITIONS = (
					"DEBUG=1",
					"$(inherited)",
				);
				GCC_SYMBOLS_PRIVATE_EXTERN = NO;
				GCC_WARN_64_TO_32_BIT_CONVERSION = YES;
				GCC_WARN_ABOUT_RETURN_TYPE = YES_ERROR;
				GCC_WARN_UNDECLARED_SELECTOR = YES;
				GCC_WARN_UNINITIALIZED_AUTOS = YES_AGGRESSIVE;
				GCC_WARN_UNUSED_FUNCTION = YES;
				GCC_WARN_UNUSED_VARIABLE = YES;
				IPHONEOS_DEPLOYMENT_TARGET = 15.1;
				LD_RUNPATH_SEARCH_PATHS = "/usr/lib/swift $(inherited)";
				LIBRARY_SEARCH_PATHS = "$(SDKROOT)/usr/lib/swift\"$(inherited)\"";
				MTL_ENABLE_DEBUG_INFO = YES;
				ONLY_ACTIVE_ARCH = YES;
				OTHER_LDFLAGS = (
					"$(inherited)",
					" ",
				);
				REACT_NATIVE_PATH = "${PODS_ROOT}/../../node_modules/react-native";
				SDKROOT = iphoneos;
				SWIFT_ACTIVE_COMPILATION_CONDITIONS = "$(inherited) DEBUG";
				USE_HERMES = true;
			};
			name = Debug;
		};
		83CBBA211A601CBA00E9B192 /* Release */ = {
			isa = XCBuildConfiguration;
			buildSettings = {
				ALWAYS_SEARCH_USER_PATHS = NO;
				CLANG_ANALYZER_LOCALIZABILITY_NONLOCALIZED = YES;
				CLANG_CXX_LANGUAGE_STANDARD = "c++20";
				CLANG_CXX_LIBRARY = "libc++";
				CLANG_ENABLE_MODULES = YES;
				CLANG_ENABLE_OBJC_ARC = YES;
				CLANG_WARN_BLOCK_CAPTURE_AUTORELEASING = YES;
				CLANG_WARN_BOOL_CONVERSION = YES;
				CLANG_WARN_COMMA = YES;
				CLANG_WARN_CONSTANT_CONVERSION = YES;
				CLANG_WARN_DEPRECATED_OBJC_IMPLEMENTATIONS = YES;
				CLANG_WARN_DIRECT_OBJC_ISA_USAGE = YES_ERROR;
				CLANG_WARN_EMPTY_BODY = YES;
				CLANG_WARN_ENUM_CONVERSION = YES;
				CLANG_WARN_INFINITE_RECURSION = YES;
				CLANG_WARN_INT_CONVERSION = YES;
				CLANG_WARN_NON_LITERAL_NULL_CONVERSION = YES;
				CLANG_WARN_OBJC_IMPLICIT_RETAIN_SELF = YES;
				CLANG_WARN_OBJC_LITERAL_CONVERSION = YES;
				CLANG_WARN_OBJC_ROOT_CLASS = YES_ERROR;
				CLANG_WARN_RANGE_LOOP_ANALYSIS = YES;
				CLANG_WARN_STRICT_PROTOTYPES = YES;
				CLANG_WARN_SUSPICIOUS_MOVE = YES;
				CLANG_WARN_UNREACHABLE_CODE = YES;
				CLANG_WARN__DUPLICATE_METHOD_MATCH = YES;
				"CODE_SIGN_IDENTITY[sdk=iphoneos*]" = "iPhone Developer";
				COPY_PHASE_STRIP = YES;
				ENABLE_NS_ASSERTIONS = NO;
				ENABLE_STRICT_OBJC_MSGSEND = YES;
				GCC_C_LANGUAGE_STANDARD = gnu99;
				GCC_NO_COMMON_BLOCKS = YES;
				GCC_WARN_64_TO_32_BIT_CONVERSION = YES;
				GCC_WARN_ABOUT_RETURN_TYPE = YES_ERROR;
				GCC_WARN_UNDECLARED_SELECTOR = YES;
				GCC_WARN_UNINITIALIZED_AUTOS = YES_AGGRESSIVE;
				GCC_WARN_UNUSED_FUNCTION = YES;
				GCC_WARN_UNUSED_VARIABLE = YES;
				IPHONEOS_DEPLOYMENT_TARGET = 15.1;
				LD_RUNPATH_SEARCH_PATHS = "/usr/lib/swift $(inherited)";
				LIBRARY_SEARCH_PATHS = "$(SDKROOT)/usr/lib/swift\"$(inherited)\"";
				MTL_ENABLE_DEBUG_INFO = NO;
				OTHER_LDFLAGS = (
					"$(inherited)",
					" ",
				);
				REACT_NATIVE_PATH = "${PODS_ROOT}/../../node_modules/react-native";
				SDKROOT = iphoneos;
				USE_HERMES = true;
				VALIDATE_PRODUCT = YES;
			};
			name = Release;
		};
/* End XCBuildConfiguration section */

/* Begin XCConfigurationList section */
		13B07F931A680F5B00A75B9A /* Build configuration list for PBXNativeTarget "Tasveer" */ = {
			isa = XCConfigurationList;
			buildConfigurations = (
				13B07F941A680F5B00A75B9A /* Debug */,
				13B07F951A680F5B00A75B9A /* Release */,
			);
			defaultConfigurationIsVisible = 0;
			defaultConfigurationName = Release;
		};
		83CBB9FA1A601CBA00E9B192 /* Build configuration list for PBXProject "Tasveer" */ = {
			isa = XCConfigurationList;
			buildConfigurations = (
				83CBBA201A601CBA00E9B192 /* Debug */,
				83CBBA211A601CBA00E9B192 /* Release */,
			);
			defaultConfigurationIsVisible = 0;
			defaultConfigurationName = Release;
		};
/* End XCConfigurationList section */
	};
	rootObject = 83CBB9F71A601CBA00E9B192 /* Project object */;
}
